<Solution>
  <Folder Name="/.github/">
    <File Path="../.github/copilot-instructions.md" />
  </Folder>
  <Configurations>
    <BuildType Name="Release" />
  </Configurations>
  <Project Path="MYDE_DrakkenLaserDrill/MYDE_DrakkenLaserDrill.csproj" />
  <Folder Name="/XML/Patches/">
    <File Path="../Patches/Thing.xml" />
  </Folder>
  <Folder Name="/XML/Defs/">
    <File Path="../Defs/Thing.xml" />
  </Folder>
  <Folder Name="/XML/About/">
    <File Path="../About/about.xml" />
  </Folder>
</Solution>